dependencies:
- name: db-migrate
  repository: ""
  version: 0.1.0
- name: api
  repository: ""
  version: 0.1.0
- name: aggregator
  repository: ""
  version: 0.1.0
- name: frontend
  repository: ""
  version: 0.1.0
- name: stream-worker
  repository: ""
  version: 0.1.0
- name: flink
  repository: ""
  version: 0.1.0
- name: flink-job
  repository: ""
  version: 0.1.0
- name: load-tester
  repository: ""
  version: 0.1.0
- name: postgresql
  repository: https://charts.bitnami.com/bitnami
  version: 18.1.13
- name: redis
  repository: https://charts.bitnami.com/bitnami
  version: 24.0.7
- name: kafka-confluent
  repository: ""
  version: 0.1.0
- name: prometheus
  repository: https://prometheus-community.github.io/helm-charts
  version: 27.50.1
- name: loki
  repository: https://grafana.github.io/helm-charts
  version: 6.48.0
- name: promtail
  repository: https://grafana.github.io/helm-charts
  version: 6.17.1
- name: grafana
  repository: https://grafana.github.io/helm-charts
  version: 10.3.0
digest: sha256:f39823e44690694766557e4a5f45427daff05a4ba08be84d312030156fd2f8b1
generated: "2026-01-13T23:20:21.117542Z"
